
Microsoft Visual Studio Solution File, Format Version 12.00
# Visual Studio Version 17
VisualStudioVersion = 17.8.34309.116
MinimumVisualStudioVersion = 10.0.40219.1
Project("{9A19103F-16F7-4668-BE54-9A1E7A4F7556}") = "CafeteriaFacul_net7", "CafeteriaFacul_net7.csproj", "{239BB453-2C90-403C-87DC-465008EDFA1E}"
EndProject
Global
	GlobalSection(SolutionConfigurationPlatforms) = preSolution
		Debug|Any CPU = Debug|Any CPU
		Release|Any CPU = Release|Any CPU
	EndGlobalSection
	GlobalSection(ProjectConfigurationPlatforms) = postSolution
		{239BB453-2C90-403C-87DC-465008EDFA1E}.Debug|Any CPU.ActiveCfg = Debug|Any CPU
		{239BB453-2C90-403C-87DC-465008EDFA1E}.Debug|Any CPU.Build.0 = Debug|Any CPU
		{239BB453-2C90-403C-87DC-465008EDFA1E}.Release|Any CPU.ActiveCfg = Release|Any CPU
		{239BB453-2C90-403C-87DC-465008EDFA1E}.Release|Any CPU.Build.0 = Release|Any CPU
	EndGlobalSection
	GlobalSection(SolutionProperties) = preSolution
		HideSolutionNode = FALSE
	EndGlobalSection
	GlobalSection(ExtensibilityGlobals) = postSolution
		SolutionGuid = {E85775DA-DA84-43D6-9108-93731318D863}
	EndGlobalSection
EndGlobal
